PODS:
  - BSImagePicker (3.3.1)
  - Flutter (1.0.0)
  - multi_image_picker (4.7.14):
    - BSImagePicker (~> 3.3.1)
    - Flutter

DEPENDENCIES:
  - Flutter (from `Flutter`)
  - multi_image_picker (from `.symlinks/plugins/multi_image_picker/ios`)

SPEC REPOS:
  trunk:
    - BSImagePicker

EXTERNAL SOURCES:
  Flutter:
    :path: Flutter
  multi_image_picker:
    :path: ".symlinks/plugins/multi_image_picker/ios"

SPEC CHECKSUMS:
  BSImagePicker: 0fe04b574d4d6b81093785d2af6c26227efc8428
  Flutter: 0e3d915762c693b495b44d77113d4970485de6ec
  multi_image_picker: 9aa6eb07d5f99d3f0934aaa918520c34b22db9fd

PODFILE CHECKSUM: fe0e1ee7f3d1f7d00b11b474b62dd62134535aea

COCOAPODS: 1.10.0
